// !$*UTF8*$!
{
	archiveVersion = 1;
	classes = {
	};
	objectVersion = 50;
	objects = {

/* Begin PBXBuildFile section */
		4C10288524A92E130099023C /* Sorting.swift in Sources */ = {isa = PBXBuildFile; fileRef = 4C10288424A92E130099023C /* Sorting.swift */; };
		4C15C27E2464FE4500BB6395 /* AddTaskItemViewController.swift in Sources */ = {isa = PBXBuildFile; fileRef = 4C15C27D2464FE4500BB6395 /* AddTaskItemViewController.swift */; };
		4C4092102464F5080035384C /* AppDelegate.swift in Sources */ = {isa = PBXBuildFile; fileRef = 4C40920F2464F5080035384C /* AppDelegate.swift */; };
		4C4092122464F5080035384C /* SceneDelegate.swift in Sources */ = {isa = PBXBuildFile; fileRef = 4C4092112464F5080035384C /* SceneDelegate.swift */; };
		4C4092142464F5080035384C /* TaskListTableViewController.swift in Sources */ = {isa = PBXBuildFile; fileRef = 4C4092132464F5080035384C /* TaskListTableViewController.swift */; };
		4C40921A2464F5080035384C /* SimpleToDo.xcdatamodeld in Sources */ = {isa = PBXBuildFile; fileRef = 4C4092182464F5080035384C /* SimpleToDo.xcdatamodeld */; };
		4C40921C2464F5090035384C /* Assets.xcassets in Resources */ = {isa = PBXBuildFile; fileRef = 4C40921B2464F5090035384C /* Assets.xcassets */; };
		4C40921F2464F5090035384C /* LaunchScreen.storyboard in Resources */ = {isa = PBXBuildFile; fileRef = 4C40921D2464F5090035384C /* LaunchScreen.storyboard */; };
		4C40922E2464F6270035384C /* STTableViewCell.swift in Sources */ = {isa = PBXBuildFile; fileRef = 4C40922C2464F6270035384C /* STTableViewCell.swift */; };
		4C4F618324BA706200FC7182 /* SimpleLabel.swift in Sources */ = {isa = PBXBuildFile; fileRef = 4C4F618224BA706200FC7182 /* SimpleLabel.swift */; };
		4C4F618724BA853600FC7182 /* SimpleButton.swift in Sources */ = {isa = PBXBuildFile; fileRef = 4C4F618624BA853600FC7182 /* SimpleButton.swift */; };
		4C6A59D324B8C26200334C7D /* TaskDetailViewController.swift in Sources */ = {isa = PBXBuildFile; fileRef = 4C6A59D224B8C26200334C7D /* TaskDetailViewController.swift */; };
		4C896B1B246A0E71007E036E /* TodoItem+CoreDataClass.swift in Sources */ = {isa = PBXBuildFile; fileRef = 4C896B19246A0E71007E036E /* TodoItem+CoreDataClass.swift */; };
		4C896B1C246A0E71007E036E /* TodoItem+CoreDataProperties.swift in Sources */ = {isa = PBXBuildFile; fileRef = 4C896B1A246A0E71007E036E /* TodoItem+CoreDataProperties.swift */; };
/* End PBXBuildFile section */

/* Begin PBXFileReference section */
		4C10288424A92E130099023C /* Sorting.swift */ = {isa = PBXFileReference; lastKnownFileType = sourcecode.swift; path = Sorting.swift; sourceTree = "<group>"; };
		4C15C27D2464FE4500BB6395 /* AddTaskItemViewController.swift */ = {isa = PBXFileReference; lastKnownFileType = sourcecode.swift; path = AddTaskItemViewController.swift; sourceTree = "<group>"; };
		4C40920C2464F5080035384C /* SimpleToDo.app */ = {isa = PBXFileReference; explicitFileType = wrapper.application; includeInIndex = 0; path = SimpleToDo.app; sourceTree = BUILT_PRODUCTS_DIR; };
		4C40920F2464F5080035384C /* AppDelegate.swift */ = {isa = PBXFileReference; lastKnownFileType = sourcecode.swift; path = AppDelegate.swift; sourceTree = "<group>"; };
		4C4092112464F5080035384C /* SceneDelegate.swift */ = {isa = PBXFileReference; lastKnownFileType = sourcecode.swift; path = SceneDelegate.swift; sourceTree = "<group>"; };
		4C4092132464F5080035384C /* TaskListTableViewController.swift */ = {isa = PBXFileReference; lastKnownFileType = sourcecode.swift; path = TaskListTableViewController.swift; sourceTree = "<group>"; };
		4C4092192464F5080035384C /* SimpleToDo.xcdatamodel */ = {isa = PBXFileReference; lastKnownFileType = wrapper.xcdatamodel; path = SimpleToDo.xcdatamodel; sourceTree = "<group>"; };
		4C40921B2464F5090035384C /* Assets.xcassets */ = {isa = PBXFileReference; lastKnownFileType = folder.assetcatalog; path = Assets.xcassets; sourceTree = "<group>"; };
		4C40921E2464F5090035384C /* Base */ = {isa = PBXFileReference; lastKnownFileType = file.storyboard; name = Base; path = Base.lproj/LaunchScreen.storyboard; sourceTree = "<group>"; };
		4C4092202464F5090035384C /* Info.plist */ = {isa = PBXFileReference; lastKnownFileType = text.plist.xml; path = Info.plist; sourceTree = "<group>"; };
		4C40922C2464F6270035384C /* STTableViewCell.swift */ = {isa = PBXFileReference; lastKnownFileType = sourcecode.swift; path = STTableViewCell.swift; sourceTree = "<group>"; };
		4C4F618224BA706200FC7182 /* SimpleLabel.swift */ = {isa = PBXFileReference; lastKnownFileType = sourcecode.swift; path = SimpleLabel.swift; sourceTree = "<group>"; };
		4C4F618624BA853600FC7182 /* SimpleButton.swift */ = {isa = PBXFileReference; lastKnownFileType = sourcecode.swift; path = SimpleButton.swift; sourceTree = "<group>"; };
		4C6A59D224B8C26200334C7D /* TaskDetailViewController.swift */ = {isa = PBXFileReference; lastKnownFileType = sourcecode.swift; name = TaskDetailViewController.swift; path = SimpleToDo/TaskDetail/TaskDetailViewController.swift; sourceTree = SOURCE_ROOT; };
		4C896B19246A0E71007E036E /* TodoItem+CoreDataClass.swift */ = {isa = PBXFileReference; lastKnownFileType = sourcecode.swift; path = "TodoItem+CoreDataClass.swift"; sourceTree = "<group>"; };
		4C896B1A246A0E71007E036E /* TodoItem+CoreDataProperties.swift */ = {isa = PBXFileReference; lastKnownFileType = sourcecode.swift; path = "TodoItem+CoreDataProperties.swift"; sourceTree = "<group>"; };
/* End PBXFileReference section */

/* Begin PBXFrameworksBuildPhase section */
		4C4092092464F5080035384C /* Frameworks */ = {
			isa = PBXFrameworksBuildPhase;
			buildActionMask = 2147483647;
			files = (
			);
			runOnlyForDeploymentPostprocessing = 0;
		};
/* End PBXFrameworksBuildPhase section */

/* Begin PBXGroup section */
		4C15C27C2464FE1000BB6395 /* AddTask */ = {
			isa = PBXGroup;
			children = (
				4C15C27D2464FE4500BB6395 /* AddTaskItemViewController.swift */,
			);
			path = AddTask;
			sourceTree = "<group>";
		};
		4C4092032464F5080035384C = {
			isa = PBXGroup;
			children = (
				4C40920E2464F5080035384C /* SimpleToDo */,
				4C40920D2464F5080035384C /* Products */,
			);
			sourceTree = "<group>";
		};
		4C40920D2464F5080035384C /* Products */ = {
			isa = PBXGroup;
			children = (
				4C40920C2464F5080035384C /* SimpleToDo.app */,
			);
			name = Products;
			sourceTree = "<group>";
		};
		4C40920E2464F5080035384C /* SimpleToDo */ = {
			isa = PBXGroup;
			children = (
				4C4F618124BA704A00FC7182 /* Custom Views */,
				4C6A59D424B8C26E00334C7D /* TaskDetail */,
				4C15C27C2464FE1000BB6395 /* AddTask */,
				4C4092282464F5CA0035384C /* TaskList */,
				4C4092272464F5A50035384C /* CoreData */,
				4C4092262464F55B0035384C /* SupportingFiles */,
			);
			path = SimpleToDo;
			sourceTree = "<group>";
		};
		4C4092262464F55B0035384C /* SupportingFiles */ = {
			isa = PBXGroup;
			children = (
				4C10288424A92E130099023C /* Sorting.swift */,
				4C40920F2464F5080035384C /* AppDelegate.swift */,
				4C4092112464F5080035384C /* SceneDelegate.swift */,
				4C40921B2464F5090035384C /* Assets.xcassets */,
				4C40921D2464F5090035384C /* LaunchScreen.storyboard */,
				4C4092202464F5090035384C /* Info.plist */,
			);
			path = SupportingFiles;
			sourceTree = "<group>";
		};
		4C4092272464F5A50035384C /* CoreData */ = {
			isa = PBXGroup;
			children = (
				4C896B19246A0E71007E036E /* TodoItem+CoreDataClass.swift */,
				4C896B1A246A0E71007E036E /* TodoItem+CoreDataProperties.swift */,
				4C4092182464F5080035384C /* SimpleToDo.xcdatamodeld */,
			);
			path = CoreData;
			sourceTree = "<group>";
		};
		4C4092282464F5CA0035384C /* TaskList */ = {
			isa = PBXGroup;
			children = (
				4C4092302464F7580035384C /* Cell */,
				4C4092132464F5080035384C /* TaskListTableViewController.swift */,
			);
			path = TaskList;
			sourceTree = "<group>";
		};
		4C4092302464F7580035384C /* Cell */ = {
			isa = PBXGroup;
			children = (
				4C40922C2464F6270035384C /* STTableViewCell.swift */,
			);
			path = Cell;
			sourceTree = "<group>";
		};
		4C4F618124BA704A00FC7182 /* Custom Views */ = {
			isa = PBXGroup;
			children = (
				4C4F618224BA706200FC7182 /* SimpleLabel.swift */,
				4C4F618624BA853600FC7182 /* SimpleButton.swift */,
			);
			path = "Custom Views";
			sourceTree = "<group>";
		};
		4C6A59D424B8C26E00334C7D /* TaskDetail */ = {
			isa = PBXGroup;
			children = (
				4C6A59D224B8C26200334C7D /* TaskDetailViewController.swift */,
			);
			path = TaskDetail;
			sourceTree = "<group>";
		};
/* End PBXGroup section */

/* Begin PBXNativeTarget section */
		4C40920B2464F5080035384C /* SimpleToDo */ = {
			isa = PBXNativeTarget;
			buildConfigurationList = 4C4092232464F5090035384C /* Build configuration list for PBXNativeTarget "SimpleToDo" */;
			buildPhases = (
				4C4092082464F5080035384C /* Sources */,
				4C4092092464F5080035384C /* Frameworks */,
				4C40920A2464F5080035384C /* Resources */,
			);
			buildRules = (
			);
			dependencies = (
			);
			name = SimpleToDo;
			productName = SimpleToDo;
			productReference = 4C40920C2464F5080035384C /* SimpleToDo.app */;
			productType = "com.apple.product-type.application";
		};
/* End PBXNativeTarget section */

/* Begin PBXProject section */
		4C4092042464F5080035384C /* Project object */ = {
			isa = PBXProject;
			attributes = {
				LastSwiftUpdateCheck = 1140;
				LastUpgradeCheck = 1140;
				ORGANIZATIONNAME = andrewmiotke;
				TargetAttributes = {
					4C40920B2464F5080035384C = {
						CreatedOnToolsVersion = 11.4.1;
					};
				};
			};
			buildConfigurationList = 4C4092072464F5080035384C /* Build configuration list for PBXProject "SimpleToDo" */;
			compatibilityVersion = "Xcode 9.3";
			developmentRegion = en;
			hasScannedForEncodings = 0;
			knownRegions = (
				en,
				Base,
			);
			mainGroup = 4C4092032464F5080035384C;
			productRefGroup = 4C40920D2464F5080035384C /* Products */;
			projectDirPath = "";
			projectRoot = "";
			targets = (
				4C40920B2464F5080035384C /* SimpleToDo */,
			);
		};
/* End PBXProject section */

/* Begin PBXResourcesBuildPhase section */
		4C40920A2464F5080035384C /* Resources */ = {
			isa = PBXResourcesBuildPhase;
			buildActionMask = 2147483647;
			files = (
				4C40921F2464F5090035384C /* LaunchScreen.storyboard in Resources */,
				4C40921C2464F5090035384C /* Assets.xcassets in Resources */,
			);
			runOnlyForDeploymentPostprocessing = 0;
		};
/* End PBXResourcesBuildPhase section */

/* Begin PBXSourcesBuildPhase section */
		4C4092082464F5080035384C /* Sources */ = {
			isa = PBXSourcesBuildPhase;
			buildActionMask = 2147483647;
			files = (
				4C4092142464F5080035384C /* TaskListTableViewController.swift in Sources */,
				4C15C27E2464FE4500BB6395 /* AddTaskItemViewController.swift in Sources */,
				4C4092102464F5080035384C /* AppDelegate.swift in Sources */,
				4C10288524A92E130099023C /* Sorting.swift in Sources */,
				4C6A59D324B8C26200334C7D /* TaskDetailViewController.swift in Sources */,
				4C4F618324BA706200FC7182 /* SimpleLabel.swift in Sources */,
				4C4092122464F5080035384C /* SceneDelegate.swift in Sources */,
				4C896B1C246A0E71007E036E /* TodoItem+CoreDataProperties.swift in Sources */,
				4C896B1B246A0E71007E036E /* TodoItem+CoreDataClass.swift in Sources */,
				4C40921A2464F5080035384C /* SimpleToDo.xcdatamodeld in Sources */,
				4C40922E2464F6270035384C /* STTableViewCell.swift in Sources */,
				4C4F618724BA853600FC7182 /* SimpleButton.swift in Sources */,
			);
			runOnlyForDeploymentPostprocessing = 0;
		};
/* End PBXSourcesBuildPhase section */

/* Begin PBXVariantGroup section */
		4C40921D2464F5090035384C /* LaunchScreen.storyboard */ = {
			isa = PBXVariantGroup;
			children = (
				4C40921E2464F5090035384C /* Base */,
			);
			name = LaunchScreen.storyboard;
			sourceTree = "<group>";
		};
/* End PBXVariantGroup section */

/* Begin XCBuildConfiguration section */
		4C4092212464F5090035384C /* Debug */ = {
			isa = XCBuildConfiguration;
			buildSettings = {
				ALWAYS_SEARCH_USER_PATHS = NO;
				CLANG_ANALYZER_NONNULL = YES;
				CLANG_ANALYZER_NUMBER_OBJECT_CONVERSION = YES_AGGRESSIVE;
				CLANG_CXX_LANGUAGE_STANDARD = "gnu++14";
				CLANG_CXX_LIBRARY = "libc++";
				CLANG_ENABLE_MODULES = YES;
				CLANG_ENABLE_OBJC_ARC = YES;
				CLANG_ENABLE_OBJC_WEAK = YES;
				CLANG_WARN_BLOCK_CAPTURE_AUTORELEASING = YES;
				CLANG_WARN_BOOL_CONVERSION = YES;
				CLANG_WARN_COMMA = YES;
				CLANG_WARN_CONSTANT_CONVERSION = YES;
				CLANG_WARN_DEPRECATED_OBJC_IMPLEMENTATIONS = YES;
				CLANG_WARN_DIRECT_OBJC_ISA_USAGE = YES_ERROR;
				CLANG_WARN_DOCUMENTATION_COMMENTS = YES;
				CLANG_WARN_EMPTY_BODY = YES;
				CLANG_WARN_ENUM_CONVERSION = YES;
				CLANG_WARN_INFINITE_RECURSION = YES;
				CLANG_WARN_INT_CONVERSION = YES;
				CLANG_WARN_NON_LITERAL_NULL_CONVERSION = YES;
				CLANG_WARN_OBJC_IMPLICIT_RETAIN_SELF = YES;
				CLANG_WARN_OBJC_LITERAL_CONVERSION = YES;
				CLANG_WARN_OBJC_ROOT_CLASS = YES_ERROR;
				CLANG_WARN_RANGE_LOOP_ANALYSIS = YES;
				CLANG_WARN_STRICT_PROTOTYPES = YES;
				CLANG_WARN_SUSPICIOUS_MOVE = YES;
				CLANG_WARN_UNGUARDED_AVAILABILITY = YES_AGGRESSIVE;
				CLANG_WARN_UNREACHABLE_CODE = YES;
				CLANG_WARN__DUPLICATE_METHOD_MATCH = YES;
				COPY_PHASE_STRIP = NO;
				DEBUG_INFORMATION_FORMAT = dwarf;
				ENABLE_STRICT_OBJC_MSGSEND = YES;
				ENABLE_TESTABILITY = YES;
				GCC_C_LANGUAGE_STANDARD = gnu11;
				GCC_DYNAMIC_NO_PIC = NO;
				GCC_NO_COMMON_BLOCKS = YES;
				GCC_OPTIMIZATION_LEVEL = 0;
				GCC_PREPROCESSOR_DEFINITIONS = (
					"DEBUG=1",
					"$(inherited)",
				);
				GCC_WARN_64_TO_32_BIT_CONVERSION = YES;
				GCC_WARN_ABOUT_RETURN_TYPE = YES_ERROR;
				GCC_WARN_UNDECLARED_SELECTOR = YES;
				GCC_WARN_UNINITIALIZED_AUTOS = YES_AGGRESSIVE;
				GCC_WARN_UNUSED_FUNCTION = YES;
				GCC_WARN_UNUSED_VARIABLE = YES;
				IPHONEOS_DEPLOYMENT_TARGET = 13.4;
				MTL_ENABLE_DEBUG_INFO = INCLUDE_SOURCE;
				MTL_FAST_MATH = YES;
				ONLY_ACTIVE_ARCH = YES;
				SDKROOT = iphoneos;
				SWIFT_ACTIVE_COMPILATION_CONDITIONS = DEBUG;
				SWIFT_OPTIMIZATION_LEVEL = "-Onone";
			};
			name = Debug;
		};
		4C4092222464F5090035384C /* Release */ = {
			isa = XCBuildConfiguration;
			buildSettings = {
				ALWAYS_SEARCH_USER_PATHS = NO;
				CLANG_ANALYZER_NONNULL = YES;
				CLANG_ANALYZER_NUMBER_OBJECT_CONVERSION = YES_AGGRESSIVE;
				CLANG_CXX_LANGUAGE_STANDARD = "gnu++14";
				CLANG_CXX_LIBRARY = "libc++";
				CLANG_ENABLE_MODULES = YES;
				CLANG_ENABLE_OBJC_ARC = YES;
				CLANG_ENABLE_OBJC_WEAK = YES;
				CLANG_WARN_BLOCK_CAPTURE_AUTORELEASING = YES;
				CLANG_WARN_BOOL_CONVERSION = YES;
				CLANG_WARN_COMMA = YES;
				CLANG_WARN_CONSTANT_CONVERSION = YES;
				CLANG_WARN_DEPRECATED_OBJC_IMPLEMENTATIONS = YES;
				CLANG_WARN_DIRECT_OBJC_ISA_USAGE = YES_ERROR;
				CLANG_WARN_DOCUMENTATION_COMMENTS = YES;
				CLANG_WARN_EMPTY_BODY = YES;
				CLANG_WARN_ENUM_CONVERSION = YES;
				CLANG_WARN_INFINITE_RECURSION = YES;
				CLANG_WARN_INT_CONVERSION = YES;
				CLANG_WARN_NON_LITERAL_NULL_CONVERSION = YES;
				CLANG_WARN_OBJC_IMPLICIT_RETAIN_SELF = YES;
				CLANG_WARN_OBJC_LITERAL_CONVERSION = YES;
				CLANG_WARN_OBJC_ROOT_CLASS = YES_ERROR;
				CLANG_WARN_RANGE_LOOP_ANALYSIS = YES;
				CLANG_WARN_STRICT_PROTOTYPES = YES;
				CLANG_WARN_SUSPICIOUS_MOVE = YES;
				CLANG_WARN_UNGUARDED_AVAILABILITY = YES_AGGRESSIVE;
				CLANG_WARN_UNREACHABLE_CODE = YES;
				CLANG_WARN__DUPLICATE_METHOD_MATCH = YES;
				COPY_PHASE_STRIP = NO;
				DEBUG_INFORMATION_FORMAT = "dwarf-with-dsym";
				ENABLE_NS_ASSERTIONS = NO;
				ENABLE_STRICT_OBJC_MSGSEND = YES;
				GCC_C_LANGUAGE_STANDARD = gnu11;
				GCC_NO_COMMON_BLOCKS = YES;
				GCC_WARN_64_TO_32_BIT_CONVERSION = YES;
				GCC_WARN_ABOUT_RETURN_TYPE = YES_ERROR;
				GCC_WARN_UNDECLARED_SELECTOR = YES;
				GCC_WARN_UNINITIALIZED_AUTOS = YES_AGGRESSIVE;
				GCC_WARN_UNUSED_FUNCTION = YES;
				GCC_WARN_UNUSED_VARIABLE = YES;
				IPHONEOS_DEPLOYMENT_TARGET = 13.4;
				MTL_ENABLE_DEBUG_INFO = NO;
				MTL_FAST_MATH = YES;
				SDKROOT = iphoneos;
				SWIFT_COMPILATION_MODE = wholemodule;
				SWIFT_OPTIMIZATION_LEVEL = "-O";
				VALIDATE_PRODUCT = YES;
			};
			name = Release;
		};
		4C4092242464F5090035384C /* Debug */ = {
			isa = XCBuildConfiguration;
			buildSettings = {
				ASSETCATALOG_COMPILER_APPICON_NAME = AppIcon;
				CODE_SIGN_STYLE = Automatic;
				DEVELOPMENT_TEAM = 3RCM6QHD86;
				INFOPLIST_FILE = SimpleToDo/SupportingFiles/Info.plist;
				IPHONEOS_DEPLOYMENT_TARGET = 13.0;
				LD_RUNPATH_SEARCH_PATHS = (
					"$(inherited)",
					"@executable_path/Frameworks",
				);
				PRODUCT_BUNDLE_IDENTIFIER = andrewmiotke.SimpleToDo;
				PRODUCT_NAME = "$(TARGET_NAME)";
				SWIFT_VERSION = 5.0;
				TARGETED_DEVICE_FAMILY = "1,2";
			};
			name = Debug;
		};
		4C4092252464F5090035384C /* Release */ = {
			isa = XCBuildConfiguration;
			buildSettings = {
				ASSETCATALOG_COMPILER_APPICON_NAME = AppIcon;
				CODE_SIGN_STYLE = Automatic;
				DEVELOPMENT_TEAM = 3RCM6QHD86;
				INFOPLIST_FILE = SimpleToDo/SupportingFiles/Info.plist;
				IPHONEOS_DEPLOYMENT_TARGET = 13.0;
				LD_RUNPATH_SEARCH_PATHS = (
					"$(inherited)",
					"@executable_path/Frameworks",
				);
				PRODUCT_BUNDLE_IDENTIFIER = andrewmiotke.SimpleToDo;
				PRODUCT_NAME = "$(TARGET_NAME)";
				SWIFT_VERSION = 5.0;
				TARGETED_DEVICE_FAMILY = "1,2";
			};
			name = Release;
		};
/* End XCBuildConfiguration section */

/* Begin XCConfigurationList section */
		4C4092072464F5080035384C /* Build configuration list for PBXProject "SimpleToDo" */ = {
			isa = XCConfigurationList;
			buildConfigurations = (
				4C4092212464F5090035384C /* Debug */,
				4C4092222464F5090035384C /* Release */,
			);
			defaultConfigurationIsVisible = 0;
			defaultConfigurationName = Release;
		};
		4C4092232464F5090035384C /* Build configuration list for PBXNativeTarget "SimpleToDo" */ = {
			isa = XCConfigurationList;
			buildConfigurations = (
				4C4092242464F5090035384C /* Debug */,
				4C4092252464F5090035384C /* Release */,
			);
			defaultConfigurationIsVisible = 0;
			defaultConfigurationName = Release;
		};
/* End XCConfigurationList section */

/* Begin XCVersionGroup section */
		4C4092182464F5080035384C /* SimpleToDo.xcdatamodeld */ = {
			isa = XCVersionGroup;
			children = (
				4C4092192464F5080035384C /* SimpleToDo.xcdatamodel */,
			);
			currentVersion = 4C4092192464F5080035384C /* SimpleToDo.xcdatamodel */;
			path = SimpleToDo.xcdatamodeld;
			sourceTree = "<group>";
			versionGroupType = wrapper.xcdatamodel;
		};
/* End XCVersionGroup section */
	};
	rootObject = 4C4092042464F5080035384C /* Project object */;
}
